github.com/akamensky/base58 v0.0.0-20210829145138-ce8bf8802e8f h1:z8MkSJCUyTmW5YQlxsMLBlwA7GmjxC7L4ooicxqnhz8=
github.com/akamensky/base58 v0.0.0-20210829145138-ce8bf8802e8f/go.mod h1:UdUwYgAXBiL+kLfcqxoQJYkHA/vl937/PbFhZM34aZs=
github.com/mattn/go-sqlite3 v1.14.15 h1:vfoHhTN1af61xCRSWzFIWzx2YskyMTwHLrExkBOjvxI=
github.com/mattn/go-sqlite3 v1.14.15/go.mod h1:2eHXhiwb8IkHr+BDWZGa96P6+rkvnG63S2DGjv9HUNg=
